
Microsoft Visual Studio Solution File, Format Version 12.00
# Visual Studio Version 17
VisualStudioVersion = 17.13.35919.96
MinimumVisualStudioVersion = 10.0.40219.1
Project("{FAE04EC0-301F-11D3-BF4B-00C04F79EFBC}") = "KnifeDamageMod", "KnifeDamageMod\KnifeDamageMod.csproj", "{6A08738D-525E-42DF-9E62-22B0E284B8FD}"
EndProject
Project("{FAE04EC0-301F-11D3-BF4B-00C04F79EFBC}") = "GrapplingDistanceMod", "GrapplingDistanceMod\GrapplingDistanceMod.csproj", "{956B9057-46BF-474E-8C12-31FA00BF0671}"
EndProject
Global
	GlobalSection(SolutionConfigurationPlatforms) = preSolution
		Debug|Any CPU = Debug|Any CPU
		Release|Any CPU = Release|Any CPU
	EndGlobalSection
	GlobalSection(ProjectConfigurationPlatforms) = postSolution
		{6A08738D-525E-42DF-9E62-22B0E284B8FD}.Debug|Any CPU.ActiveCfg = Debug|Any CPU
		{6A08738D-525E-42DF-9E62-22B0E284B8FD}.Debug|Any CPU.Build.0 = Debug|Any CPU
		{6A08738D-525E-42DF-9E62-22B0E284B8FD}.Release|Any CPU.ActiveCfg = Release|Any CPU
		{6A08738D-525E-42DF-9E62-22B0E284B8FD}.Release|Any CPU.Build.0 = Release|Any CPU
		{956B9057-46BF-474E-8C12-31FA00BF0671}.Debug|Any CPU.ActiveCfg = Debug|Any CPU
		{956B9057-46BF-474E-8C12-31FA00BF0671}.Debug|Any CPU.Build.0 = Debug|Any CPU
		{956B9057-46BF-474E-8C12-31FA00BF0671}.Release|Any CPU.ActiveCfg = Release|Any CPU
		{956B9057-46BF-474E-8C12-31FA00BF0671}.Release|Any CPU.Build.0 = Release|Any CPU
	EndGlobalSection
	GlobalSection(SolutionProperties) = preSolution
		HideSolutionNode = FALSE
	EndGlobalSection
	GlobalSection(ExtensibilityGlobals) = postSolution
		SolutionGuid = {C6879873-62E0-4BDC-9D0C-C4A0D3613DD6}
	EndGlobalSection
EndGlobal
